// !$*UTF8*$!
{
	archiveVersion = 1;
	classes = {
	};
	objectVersion = 47;
	objects = {

/* Begin PBXBuildFile section */
		C089C49419E90B910084D830 /* BTService.swift in Sources */ = {isa = PBXBuildFile; fileRef = C089C49319E90B910084D830 /* BTService.swift */; };
		C0BACECB19D3027000DF2DB8 /* AppDelegate.swift in Sources */ = {isa = PBXBuildFile; fileRef = C0BACECA19D3027000DF2DB8 /* AppDelegate.swift */; };
		C0BACECD19D3027000DF2DB8 /* ViewController.swift in Sources */ = {isa = PBXBuildFile; fileRef = C0BACECC19D3027000DF2DB8 /* ViewController.swift */; };
		C0BACED019D3027000DF2DB8 /* Main.storyboard in Resources */ = {isa = PBXBuildFile; fileRef = C0BACECE19D3027000DF2DB8 /* Main.storyboard */; };
		C0BACED219D3027000DF2DB8 /* Images.xcassets in Resources */ = {isa = PBXBuildFile; fileRef = C0BACED119D3027000DF2DB8 /* Images.xcassets */; };
		C0BACEEE19D30D2600DF2DB8 /* BTDiscovery.swift in Sources */ = {isa = PBXBuildFile; fileRef = C0BACEED19D30D2600DF2DB8 /* BTDiscovery.swift */; };
		D62ADAFC1D99C9C3007E1B70 /* AsyncButton.swift in Sources */ = {isa = PBXBuildFile; fileRef = D62ADADE1D99C9C3007E1B70 /* AsyncButton.swift */; };
		D62ADAFD1D99C9C3007E1B70 /* AsyncImageView.swift in Sources */ = {isa = PBXBuildFile; fileRef = D62ADADF1D99C9C3007E1B70 /* AsyncImageView.swift */; };
		D62ADAFE1D99C9C3007E1B70 /* AutoTextView.swift in Sources */ = {isa = PBXBuildFile; fileRef = D62ADAE01D99C9C3007E1B70 /* AutoTextView.swift */; };
		D62ADAFF1D99C9C3007E1B70 /* BlurView.swift in Sources */ = {isa = PBXBuildFile; fileRef = D62ADAE11D99C9C3007E1B70 /* BlurView.swift */; };
		D62ADB001D99C9C3007E1B70 /* DesignableButton.swift in Sources */ = {isa = PBXBuildFile; fileRef = D62ADAE21D99C9C3007E1B70 /* DesignableButton.swift */; };
		D62ADB011D99C9C3007E1B70 /* DesignableImageView.swift in Sources */ = {isa = PBXBuildFile; fileRef = D62ADAE31D99C9C3007E1B70 /* DesignableImageView.swift */; };
		D62ADB021D99C9C3007E1B70 /* DesignableLabel.swift in Sources */ = {isa = PBXBuildFile; fileRef = D62ADAE41D99C9C3007E1B70 /* DesignableLabel.swift */; };
		D62ADB031D99C9C3007E1B70 /* DesignableTabBarController.swift in Sources */ = {isa = PBXBuildFile; fileRef = D62ADAE51D99C9C3007E1B70 /* DesignableTabBarController.swift */; };
		D62ADB041D99C9C3007E1B70 /* DesignableTextField.swift in Sources */ = {isa = PBXBuildFile; fileRef = D62ADAE61D99C9C3007E1B70 /* DesignableTextField.swift */; };
		D62ADB051D99C9C3007E1B70 /* DesignableTextView.swift in Sources */ = {isa = PBXBuildFile; fileRef = D62ADAE71D99C9C3007E1B70 /* DesignableTextView.swift */; };
		D62ADB061D99C9C3007E1B70 /* DesignableView.swift in Sources */ = {isa = PBXBuildFile; fileRef = D62ADAE81D99C9C3007E1B70 /* DesignableView.swift */; };
		D62ADB071D99C9C3007E1B70 /* ImageLoader.swift in Sources */ = {isa = PBXBuildFile; fileRef = D62ADAE91D99C9C3007E1B70 /* ImageLoader.swift */; };
		D62ADB081D99C9C3007E1B70 /* Info.plist in Resources */ = {isa = PBXBuildFile; fileRef = D62ADAEA1D99C9C3007E1B70 /* Info.plist */; };
		D62ADB091D99C9C3007E1B70 /* KeyboardLayoutConstraint.swift in Sources */ = {isa = PBXBuildFile; fileRef = D62ADAEB1D99C9C3007E1B70 /* KeyboardLayoutConstraint.swift */; };
		D62ADB0A1D99C9C3007E1B70 /* LoadingView.swift in Sources */ = {isa = PBXBuildFile; fileRef = D62ADAEC1D99C9C3007E1B70 /* LoadingView.swift */; };
		D62ADB0B1D99C9C3007E1B70 /* LoadingView.xib in Resources */ = {isa = PBXBuildFile; fileRef = D62ADAED1D99C9C3007E1B70 /* LoadingView.xib */; };
		D62ADB0C1D99C9C3007E1B70 /* Misc.swift in Sources */ = {isa = PBXBuildFile; fileRef = D62ADAEE1D99C9C3007E1B70 /* Misc.swift */; };
		D62ADB0D1D99C9C3007E1B70 /* SoundPlayer.swift in Sources */ = {isa = PBXBuildFile; fileRef = D62ADAEF1D99C9C3007E1B70 /* SoundPlayer.swift */; };
		D62ADB0E1D99C9C3007E1B70 /* Spring.swift in Sources */ = {isa = PBXBuildFile; fileRef = D62ADAF11D99C9C3007E1B70 /* Spring.swift */; };
		D62ADB0F1D99C9C3007E1B70 /* SpringAnimation.swift in Sources */ = {isa = PBXBuildFile; fileRef = D62ADAF21D99C9C3007E1B70 /* SpringAnimation.swift */; };
		D62ADB101D99C9C3007E1B70 /* SpringButton.swift in Sources */ = {isa = PBXBuildFile; fileRef = D62ADAF31D99C9C3007E1B70 /* SpringButton.swift */; };
		D62ADB111D99C9C3007E1B70 /* SpringImageView.swift in Sources */ = {isa = PBXBuildFile; fileRef = D62ADAF41D99C9C3007E1B70 /* SpringImageView.swift */; };
		D62ADB121D99C9C3007E1B70 /* SpringLabel.swift in Sources */ = {isa = PBXBuildFile; fileRef = D62ADAF51D99C9C3007E1B70 /* SpringLabel.swift */; };
		D62ADB131D99C9C3007E1B70 /* SpringTextField.swift in Sources */ = {isa = PBXBuildFile; fileRef = D62ADAF61D99C9C3007E1B70 /* SpringTextField.swift */; };
		D62ADB141D99C9C3007E1B70 /* SpringTextView.swift in Sources */ = {isa = PBXBuildFile; fileRef = D62ADAF71D99C9C3007E1B70 /* SpringTextView.swift */; };
		D62ADB151D99C9C3007E1B70 /* SpringView.swift in Sources */ = {isa = PBXBuildFile; fileRef = D62ADAF81D99C9C3007E1B70 /* SpringView.swift */; };
		D62ADB161D99C9C3007E1B70 /* TransitionManager.swift in Sources */ = {isa = PBXBuildFile; fileRef = D62ADAF91D99C9C3007E1B70 /* TransitionManager.swift */; };
		D62ADB171D99C9C3007E1B70 /* TransitionZoom.swift in Sources */ = {isa = PBXBuildFile; fileRef = D62ADAFA1D99C9C3007E1B70 /* TransitionZoom.swift */; };
		D62ADB181D99C9C3007E1B70 /* UnwindSegue.swift in Sources */ = {isa = PBXBuildFile; fileRef = D62ADAFB1D99C9C3007E1B70 /* UnwindSegue.swift */; };
/* End PBXBuildFile section */

/* Begin PBXFileReference section */
		C089C49319E90B910084D830 /* BTService.swift */ = {isa = PBXFileReference; fileEncoding = 4; lastKnownFileType = sourcecode.swift; name = BTService.swift; path = Classes/BTService.swift; sourceTree = "<group>"; };
		C0BACEC519D3027000DF2DB8 /* Arduino_Servo.app */ = {isa = PBXFileReference; explicitFileType = wrapper.application; includeInIndex = 0; path = Arduino_Servo.app; sourceTree = BUILT_PRODUCTS_DIR; };
		C0BACEC919D3027000DF2DB8 /* Info.plist */ = {isa = PBXFileReference; lastKnownFileType = text.plist.xml; path = Info.plist; sourceTree = "<group>"; };
		C0BACECA19D3027000DF2DB8 /* AppDelegate.swift */ = {isa = PBXFileReference; lastKnownFileType = sourcecode.swift; path = AppDelegate.swift; sourceTree = "<group>"; };
		C0BACECC19D3027000DF2DB8 /* ViewController.swift */ = {isa = PBXFileReference; lastKnownFileType = sourcecode.swift; path = ViewController.swift; sourceTree = "<group>"; };
		C0BACECF19D3027000DF2DB8 /* Base */ = {isa = PBXFileReference; lastKnownFileType = file.storyboard; name = Base; path = Base.lproj/Main.storyboard; sourceTree = "<group>"; };
		C0BACED119D3027000DF2DB8 /* Images.xcassets */ = {isa = PBXFileReference; lastKnownFileType = folder.assetcatalog; path = Images.xcassets; sourceTree = "<group>"; };
		C0BACEED19D30D2600DF2DB8 /* BTDiscovery.swift */ = {isa = PBXFileReference; fileEncoding = 4; lastKnownFileType = sourcecode.swift; name = BTDiscovery.swift; path = Classes/BTDiscovery.swift; sourceTree = "<group>"; };
		D62ADADE1D99C9C3007E1B70 /* AsyncButton.swift */ = {isa = PBXFileReference; fileEncoding = 4; lastKnownFileType = sourcecode.swift; path = AsyncButton.swift; sourceTree = "<group>"; };
		D62ADADF1D99C9C3007E1B70 /* AsyncImageView.swift */ = {isa = PBXFileReference; fileEncoding = 4; lastKnownFileType = sourcecode.swift; path = AsyncImageView.swift; sourceTree = "<group>"; };
		D62ADAE01D99C9C3007E1B70 /* AutoTextView.swift */ = {isa = PBXFileReference; fileEncoding = 4; lastKnownFileType = sourcecode.swift; path = AutoTextView.swift; sourceTree = "<group>"; };
		D62ADAE11D99C9C3007E1B70 /* BlurView.swift */ = {isa = PBXFileReference; fileEncoding = 4; lastKnownFileType = sourcecode.swift; path = BlurView.swift; sourceTree = "<group>"; };
		D62ADAE21D99C9C3007E1B70 /* DesignableButton.swift */ = {isa = PBXFileReference; fileEncoding = 4; lastKnownFileType = sourcecode.swift; path = DesignableButton.swift; sourceTree = "<group>"; };
		D62ADAE31D99C9C3007E1B70 /* DesignableImageView.swift */ = {isa = PBXFileReference; fileEncoding = 4; lastKnownFileType = sourcecode.swift; path = DesignableImageView.swift; sourceTree = "<group>"; };
		D62ADAE41D99C9C3007E1B70 /* DesignableLabel.swift */ = {isa = PBXFileReference; fileEncoding = 4; lastKnownFileType = sourcecode.swift; path = DesignableLabel.swift; sourceTree = "<group>"; };
		D62ADAE51D99C9C3007E1B70 /* DesignableTabBarController.swift */ = {isa = PBXFileReference; fileEncoding = 4; lastKnownFileType = sourcecode.swift; path = DesignableTabBarController.swift; sourceTree = "<group>"; };
		D62ADAE61D99C9C3007E1B70 /* DesignableTextField.swift */ = {isa = PBXFileReference; fileEncoding = 4; lastKnownFileType = sourcecode.swift; path = DesignableTextField.swift; sourceTree = "<group>"; };
		D62ADAE71D99C9C3007E1B70 /* DesignableTextView.swift */ = {isa = PBXFileReference; fileEncoding = 4; lastKnownFileType = sourcecode.swift; path = DesignableTextView.swift; sourceTree = "<group>"; };
		D62ADAE81D99C9C3007E1B70 /* DesignableView.swift */ = {isa = PBXFileReference; fileEncoding = 4; lastKnownFileType = sourcecode.swift; path = DesignableView.swift; sourceTree = "<group>"; };
		D62ADAE91D99C9C3007E1B70 /* ImageLoader.swift */ = {isa = PBXFileReference; fileEncoding = 4; lastKnownFileType = sourcecode.swift; path = ImageLoader.swift; sourceTree = "<group>"; };
		D62ADAEA1D99C9C3007E1B70 /* Info.plist */ = {isa = PBXFileReference; fileEncoding = 4; lastKnownFileType = text.plist.xml; path = Info.plist; sourceTree = "<group>"; };
		D62ADAEB1D99C9C3007E1B70 /* KeyboardLayoutConstraint.swift */ = {isa = PBXFileReference; fileEncoding = 4; lastKnownFileType = sourcecode.swift; path = KeyboardLayoutConstraint.swift; sourceTree = "<group>"; };
		D62ADAEC1D99C9C3007E1B70 /* LoadingView.swift */ = {isa = PBXFileReference; fileEncoding = 4; lastKnownFileType = sourcecode.swift; path = LoadingView.swift; sourceTree = "<group>"; };
		D62ADAED1D99C9C3007E1B70 /* LoadingView.xib */ = {isa = PBXFileReference; fileEncoding = 4; lastKnownFileType = file.xib; path = LoadingView.xib; sourceTree = "<group>"; };
		D62ADAEE1D99C9C3007E1B70 /* Misc.swift */ = {isa = PBXFileReference; fileEncoding = 4; lastKnownFileType = sourcecode.swift; path = Misc.swift; sourceTree = "<group>"; };
		D62ADAEF1D99C9C3007E1B70 /* SoundPlayer.swift */ = {isa = PBXFileReference; fileEncoding = 4; lastKnownFileType = sourcecode.swift; path = SoundPlayer.swift; sourceTree = "<group>"; };
		D62ADAF01D99C9C3007E1B70 /* Spring.h */ = {isa = PBXFileReference; fileEncoding = 4; lastKnownFileType = sourcecode.c.h; path = Spring.h; sourceTree = "<group>"; };
		D62ADAF11D99C9C3007E1B70 /* Spring.swift */ = {isa = PBXFileReference; fileEncoding = 4; lastKnownFileType = sourcecode.swift; path = Spring.swift; sourceTree = "<group>"; };
		D62ADAF21D99C9C3007E1B70 /* SpringAnimation.swift */ = {isa = PBXFileReference; fileEncoding = 4; lastKnownFileType = sourcecode.swift; path = SpringAnimation.swift; sourceTree = "<group>"; };
		D62ADAF31D99C9C3007E1B70 /* SpringButton.swift */ = {isa = PBXFileReference; fileEncoding = 4; lastKnownFileType = sourcecode.swift; path = SpringButton.swift; sourceTree = "<group>"; };
		D62ADAF41D99C9C3007E1B70 /* SpringImageView.swift */ = {isa = PBXFileReference; fileEncoding = 4; lastKnownFileType = sourcecode.swift; path = SpringImageView.swift; sourceTree = "<group>"; };
		D62ADAF51D99C9C3007E1B70 /* SpringLabel.swift */ = {isa = PBXFileReference; fileEncoding = 4; lastKnownFileType = sourcecode.swift; path = SpringLabel.swift; sourceTree = "<group>"; };
		D62ADAF61D99C9C3007E1B70 /* SpringTextField.swift */ = {isa = PBXFileReference; fileEncoding = 4; lastKnownFileType = sourcecode.swift; path = SpringTextField.swift; sourceTree = "<group>"; };
		D62ADAF71D99C9C3007E1B70 /* SpringTextView.swift */ = {isa = PBXFileReference; fileEncoding = 4; lastKnownFileType = sourcecode.swift; path = SpringTextView.swift; sourceTree = "<group>"; };
		D62ADAF81D99C9C3007E1B70 /* SpringView.swift */ = {isa = PBXFileReference; fileEncoding = 4; lastKnownFileType = sourcecode.swift; path = SpringView.swift; sourceTree = "<group>"; };
		D62ADAF91D99C9C3007E1B70 /* TransitionManager.swift */ = {isa = PBXFileReference; fileEncoding = 4; lastKnownFileType = sourcecode.swift; path = TransitionManager.swift; sourceTree = "<group>"; };
		D62ADAFA1D99C9C3007E1B70 /* TransitionZoom.swift */ = {isa = PBXFileReference; fileEncoding = 4; lastKnownFileType = sourcecode.swift; path = TransitionZoom.swift; sourceTree = "<group>"; };
		D62ADAFB1D99C9C3007E1B70 /* UnwindSegue.swift */ = {isa = PBXFileReference; fileEncoding = 4; lastKnownFileType = sourcecode.swift; path = UnwindSegue.swift; sourceTree = "<group>"; };
/* End PBXFileReference section */

/* Begin PBXFrameworksBuildPhase section */
		C0BACEC219D3027000DF2DB8 /* Frameworks */ = {
			isa = PBXFrameworksBuildPhase;
			buildActionMask = 2147483647;
			files = (
			);
			runOnlyForDeploymentPostprocessing = 0;
		};
/* End PBXFrameworksBuildPhase section */

/* Begin PBXGroup section */
		C0BACEBC19D3027000DF2DB8 = {
			isa = PBXGroup;
			children = (
				D62ADADD1D99C9C3007E1B70 /* Spring */,
				C0BACEC719D3027000DF2DB8 /* Arduino_Servo */,
				C0BACEC619D3027000DF2DB8 /* Products */,
			);
			sourceTree = "<group>";
		};
		C0BACEC619D3027000DF2DB8 /* Products */ = {
			isa = PBXGroup;
			children = (
				C0BACEC519D3027000DF2DB8 /* Arduino_Servo.app */,
			);
			name = Products;
			sourceTree = "<group>";
		};
		C0BACEC719D3027000DF2DB8 /* Arduino_Servo */ = {
			isa = PBXGroup;
			children = (
				C0BACEEA19D30B9D00DF2DB8 /* Classes */,
				C0BACECA19D3027000DF2DB8 /* AppDelegate.swift */,
				C0BACECC19D3027000DF2DB8 /* ViewController.swift */,
				C0BACECE19D3027000DF2DB8 /* Main.storyboard */,
				C0BACED119D3027000DF2DB8 /* Images.xcassets */,
				C0BACEC819D3027000DF2DB8 /* Supporting Files */,
			);
			path = Arduino_Servo;
			sourceTree = "<group>";
		};
		C0BACEC819D3027000DF2DB8 /* Supporting Files */ = {
			isa = PBXGroup;
			children = (
				C0BACEC919D3027000DF2DB8 /* Info.plist */,
			);
			name = "Supporting Files";
			sourceTree = "<group>";
		};
		C0BACEEA19D30B9D00DF2DB8 /* Classes */ = {
			isa = PBXGroup;
			children = (
				C0BACEED19D30D2600DF2DB8 /* BTDiscovery.swift */,
				C089C49319E90B910084D830 /* BTService.swift */,
			);
			name = Classes;
			sourceTree = "<group>";
		};
		D62ADADD1D99C9C3007E1B70 /* Spring */ = {
			isa = PBXGroup;
			children = (
				D62ADADE1D99C9C3007E1B70 /* AsyncButton.swift */,
				D62ADADF1D99C9C3007E1B70 /* AsyncImageView.swift */,
				D62ADAE01D99C9C3007E1B70 /* AutoTextView.swift */,
				D62ADAE11D99C9C3007E1B70 /* BlurView.swift */,
				D62ADAE21D99C9C3007E1B70 /* DesignableButton.swift */,
				D62ADAE31D99C9C3007E1B70 /* DesignableImageView.swift */,
				D62ADAE41D99C9C3007E1B70 /* DesignableLabel.swift */,
				D62ADAE51D99C9C3007E1B70 /* DesignableTabBarController.swift */,
				D62ADAE61D99C9C3007E1B70 /* DesignableTextField.swift */,
				D62ADAE71D99C9C3007E1B70 /* DesignableTextView.swift */,
				D62ADAE81D99C9C3007E1B70 /* DesignableView.swift */,
				D62ADAE91D99C9C3007E1B70 /* ImageLoader.swift */,
				D62ADAEA1D99C9C3007E1B70 /* Info.plist */,
				D62ADAEB1D99C9C3007E1B70 /* KeyboardLayoutConstraint.swift */,
				D62ADAEC1D99C9C3007E1B70 /* LoadingView.swift */,
				D62ADAED1D99C9C3007E1B70 /* LoadingView.xib */,
				D62ADAEE1D99C9C3007E1B70 /* Misc.swift */,
				D62ADAEF1D99C9C3007E1B70 /* SoundPlayer.swift */,
				D62ADAF01D99C9C3007E1B70 /* Spring.h */,
				D62ADAF11D99C9C3007E1B70 /* Spring.swift */,
				D62ADAF21D99C9C3007E1B70 /* SpringAnimation.swift */,
				D62ADAF31D99C9C3007E1B70 /* SpringButton.swift */,
				D62ADAF41D99C9C3007E1B70 /* SpringImageView.swift */,
				D62ADAF51D99C9C3007E1B70 /* SpringLabel.swift */,
				D62ADAF61D99C9C3007E1B70 /* SpringTextField.swift */,
				D62ADAF71D99C9C3007E1B70 /* SpringTextView.swift */,
				D62ADAF81D99C9C3007E1B70 /* SpringView.swift */,
				D62ADAF91D99C9C3007E1B70 /* TransitionManager.swift */,
				D62ADAFA1D99C9C3007E1B70 /* TransitionZoom.swift */,
				D62ADAFB1D99C9C3007E1B70 /* UnwindSegue.swift */,
			);
			path = Spring;
			sourceTree = "<group>";
		};
/* End PBXGroup section */

/* Begin PBXNativeTarget section */
		C0BACEC419D3027000DF2DB8 /* Arduino_Servo */ = {
			isa = PBXNativeTarget;
			buildConfigurationList = C0BACEE419D3027000DF2DB8 /* Build configuration list for PBXNativeTarget "Arduino_Servo" */;
			buildPhases = (
				C0BACEC119D3027000DF2DB8 /* Sources */,
				C0BACEC219D3027000DF2DB8 /* Frameworks */,
				C0BACEC319D3027000DF2DB8 /* Resources */,
			);
			buildRules = (
			);
			dependencies = (
			);
			name = Arduino_Servo;
			productName = Arduino_Servo;
			productReference = C0BACEC519D3027000DF2DB8 /* Arduino_Servo.app */;
			productType = "com.apple.product-type.application";
		};
/* End PBXNativeTarget section */

/* Begin PBXProject section */
		C0BACEBD19D3027000DF2DB8 /* Project object */ = {
			isa = PBXProject;
			attributes = {
				CLASSPREFIX = "";
				LastSwiftMigration = 0710;
				LastSwiftUpdateCheck = 0710;
				LastUpgradeCheck = 0730;
				ORGANIZATIONNAME = "";
				TargetAttributes = {
					C0BACEC419D3027000DF2DB8 = {
						CreatedOnToolsVersion = 6.0.1;
						DevelopmentTeam = 5KTP2FK833;
						LastSwiftMigration = 0800;
					};
				};
			};
			buildConfigurationList = C0BACEC019D3027000DF2DB8 /* Build configuration list for PBXProject "Arduino_Servo" */;
			compatibilityVersion = "Xcode 6.3";
			developmentRegion = English;
			hasScannedForEncodings = 0;
			knownRegions = (
				en,
				Base,
			);
			mainGroup = C0BACEBC19D3027000DF2DB8;
			productRefGroup = C0BACEC619D3027000DF2DB8 /* Products */;
			projectDirPath = "";
			projectRoot = "";
			targets = (
				C0BACEC419D3027000DF2DB8 /* Arduino_Servo */,
			);
		};
/* End PBXProject section */

/* Begin PBXResourcesBuildPhase section */
		C0BACEC319D3027000DF2DB8 /* Resources */ = {
			isa = PBXResourcesBuildPhase;
			buildActionMask = 2147483647;
			files = (
				C0BACED019D3027000DF2DB8 /* Main.storyboard in Resources */,
				D62ADB0B1D99C9C3007E1B70 /* LoadingView.xib in Resources */,
				C0BACED219D3027000DF2DB8 /* Images.xcassets in Resources */,
				D62ADB081D99C9C3007E1B70 /* Info.plist in Resources */,
			);
			runOnlyForDeploymentPostprocessing = 0;
		};
/* End PBXResourcesBuildPhase section */

/* Begin PBXSourcesBuildPhase section */
		C0BACEC119D3027000DF2DB8 /* Sources */ = {
			isa = PBXSourcesBuildPhase;
			buildActionMask = 2147483647;
			files = (
				C0BACECD19D3027000DF2DB8 /* ViewController.swift in Sources */,
				D62ADAFF1D99C9C3007E1B70 /* BlurView.swift in Sources */,
				D62ADB091D99C9C3007E1B70 /* KeyboardLayoutConstraint.swift in Sources */,
				D62ADB141D99C9C3007E1B70 /* SpringTextView.swift in Sources */,
				D62ADAFC1D99C9C3007E1B70 /* AsyncButton.swift in Sources */,
				D62ADB051D99C9C3007E1B70 /* DesignableTextView.swift in Sources */,
				D62ADB181D99C9C3007E1B70 /* UnwindSegue.swift in Sources */,
				D62ADB121D99C9C3007E1B70 /* SpringLabel.swift in Sources */,
				C089C49419E90B910084D830 /* BTService.swift in Sources */,
				D62ADAFE1D99C9C3007E1B70 /* AutoTextView.swift in Sources */,
				D62ADB0F1D99C9C3007E1B70 /* SpringAnimation.swift in Sources */,
				D62ADB071D99C9C3007E1B70 /* ImageLoader.swift in Sources */,
				D62ADB131D99C9C3007E1B70 /* SpringTextField.swift in Sources */,
				C0BACEEE19D30D2600DF2DB8 /* BTDiscovery.swift in Sources */,
				D62ADB011D99C9C3007E1B70 /* DesignableImageView.swift in Sources */,
				D62ADB0D1D99C9C3007E1B70 /* SoundPlayer.swift in Sources */,
				D62ADB0C1D99C9C3007E1B70 /* Misc.swift in Sources */,
				D62ADB061D99C9C3007E1B70 /* DesignableView.swift in Sources */,
				D62ADB151D99C9C3007E1B70 /* SpringView.swift in Sources */,
				C0BACECB19D3027000DF2DB8 /* AppDelegate.swift in Sources */,
				D62ADAFD1D99C9C3007E1B70 /* AsyncImageView.swift in Sources */,
				D62ADB001D99C9C3007E1B70 /* DesignableButton.swift in Sources */,
				D62ADB171D99C9C3007E1B70 /* TransitionZoom.swift in Sources */,
				D62ADB111D99C9C3007E1B70 /* SpringImageView.swift in Sources */,
				D62ADB101D99C9C3007E1B70 /* SpringButton.swift in Sources */,
				D62ADB031D99C9C3007E1B70 /* DesignableTabBarController.swift in Sources */,
				D62ADB021D99C9C3007E1B70 /* DesignableLabel.swift in Sources */,
				D62ADB161D99C9C3007E1B70 /* TransitionManager.swift in Sources */,
				D62ADB041D99C9C3007E1B70 /* DesignableTextField.swift in Sources */,
				D62ADB0A1D99C9C3007E1B70 /* LoadingView.swift in Sources */,
				D62ADB0E1D99C9C3007E1B70 /* Spring.swift in Sources */,
			);
			runOnlyForDeploymentPostprocessing = 0;
		};
/* End PBXSourcesBuildPhase section */

/* Begin PBXVariantGroup section */
		C0BACECE19D3027000DF2DB8 /* Main.storyboard */ = {
			isa = PBXVariantGroup;
			children = (
				C0BACECF19D3027000DF2DB8 /* Base */,
			);
			name = Main.storyboard;
			sourceTree = "<group>";
		};
/* End PBXVariantGroup section */

/* Begin XCBuildConfiguration section */
		C0BACEE219D3027000DF2DB8 /* Debug */ = {
			isa = XCBuildConfiguration;
			buildSettings = {
				ALWAYS_SEARCH_USER_PATHS = NO;
				CLANG_CXX_LANGUAGE_STANDARD = "gnu++0x";
				CLANG_CXX_LIBRARY = "libc++";
				CLANG_ENABLE_MODULES = YES;
				CLANG_ENABLE_OBJC_ARC = YES;
				CLANG_WARN_BOOL_CONVERSION = YES;
				CLANG_WARN_CONSTANT_CONVERSION = YES;
				CLANG_WARN_DIRECT_OBJC_ISA_USAGE = YES_ERROR;
				CLANG_WARN_EMPTY_BODY = YES;
				CLANG_WARN_ENUM_CONVERSION = YES;
				CLANG_WARN_INT_CONVERSION = YES;
				CLANG_WARN_OBJC_ROOT_CLASS = YES_ERROR;
				CLANG_WARN_UNREACHABLE_CODE = YES;
				CLANG_WARN__DUPLICATE_METHOD_MATCH = YES;
				CODE_SIGN_IDENTITY = "iPhone Developer";
				"CODE_SIGN_IDENTITY[sdk=iphoneos*]" = "iPhone Developer";
				COPY_PHASE_STRIP = NO;
				ENABLE_STRICT_OBJC_MSGSEND = YES;
				ENABLE_TESTABILITY = YES;
				GCC_C_LANGUAGE_STANDARD = gnu99;
				GCC_DYNAMIC_NO_PIC = NO;
				GCC_OPTIMIZATION_LEVEL = 0;
				GCC_PREPROCESSOR_DEFINITIONS = (
					"DEBUG=1",
					"$(inherited)",
				);
				GCC_SYMBOLS_PRIVATE_EXTERN = NO;
				GCC_WARN_64_TO_32_BIT_CONVERSION = YES;
				GCC_WARN_ABOUT_RETURN_TYPE = YES_ERROR;
				GCC_WARN_UNDECLARED_SELECTOR = YES;
				GCC_WARN_UNINITIALIZED_AUTOS = YES_AGGRESSIVE;
				GCC_WARN_UNUSED_FUNCTION = YES;
				GCC_WARN_UNUSED_VARIABLE = YES;
				IPHONEOS_DEPLOYMENT_TARGET = 9.2;
				MTL_ENABLE_DEBUG_INFO = YES;
				ONLY_ACTIVE_ARCH = YES;
				SDKROOT = iphoneos;
				SWIFT_OPTIMIZATION_LEVEL = "-Onone";
			};
			name = Debug;
		};
		C0BACEE319D3027000DF2DB8 /* Release */ = {
			isa = XCBuildConfiguration;
			buildSettings = {
				ALWAYS_SEARCH_USER_PATHS = NO;
				CLANG_CXX_LANGUAGE_STANDARD = "gnu++0x";
				CLANG_CXX_LIBRARY = "libc++";
				CLANG_ENABLE_MODULES = YES;
				CLANG_ENABLE_OBJC_ARC = YES;
				CLANG_WARN_BOOL_CONVERSION = YES;
				CLANG_WARN_CONSTANT_CONVERSION = YES;
				CLANG_WARN_DIRECT_OBJC_ISA_USAGE = YES_ERROR;
				CLANG_WARN_EMPTY_BODY = YES;
				CLANG_WARN_ENUM_CONVERSION = YES;
				CLANG_WARN_INT_CONVERSION = YES;
				CLANG_WARN_OBJC_ROOT_CLASS = YES_ERROR;
				CLANG_WARN_UNREACHABLE_CODE = YES;
				CLANG_WARN__DUPLICATE_METHOD_MATCH = YES;
				CODE_SIGN_IDENTITY = "iPhone Developer";
				"CODE_SIGN_IDENTITY[sdk=iphoneos*]" = "iPhone Developer";
				COPY_PHASE_STRIP = YES;
				ENABLE_NS_ASSERTIONS = NO;
				ENABLE_STRICT_OBJC_MSGSEND = YES;
				GCC_C_LANGUAGE_STANDARD = gnu99;
				GCC_WARN_64_TO_32_BIT_CONVERSION = YES;
				GCC_WARN_ABOUT_RETURN_TYPE = YES_ERROR;
				GCC_WARN_UNDECLARED_SELECTOR = YES;
				GCC_WARN_UNINITIALIZED_AUTOS = YES_AGGRESSIVE;
				GCC_WARN_UNUSED_FUNCTION = YES;
				GCC_WARN_UNUSED_VARIABLE = YES;
				IPHONEOS_DEPLOYMENT_TARGET = 9.2;
				MTL_ENABLE_DEBUG_INFO = NO;
				ONLY_ACTIVE_ARCH = YES;
				SDKROOT = iphoneos;
				VALIDATE_PRODUCT = YES;
			};
			name = Release;
		};
		C0BACEE519D3027000DF2DB8 /* Debug */ = {
			isa = XCBuildConfiguration;
			buildSettings = {
				ASSETCATALOG_COMPILER_APPICON_NAME = AppIcon;
				ASSETCATALOG_COMPILER_LAUNCHIMAGE_NAME = LaunchImage;
				CODE_SIGN_IDENTITY = "iPhone Developer";
				"CODE_SIGN_IDENTITY[sdk=iphoneos*]" = "iPhone Developer";
				INFOPLIST_FILE = Arduino_Servo/Info.plist;
				IPHONEOS_DEPLOYMENT_TARGET = 9.2;
				LD_RUNPATH_SEARCH_PATHS = "$(inherited) @executable_path/Frameworks";
				PRODUCT_BUNDLE_IDENTIFIER = "com.soft-edge";
				PRODUCT_NAME = "$(TARGET_NAME)";
				PROVISIONING_PROFILE = "";
				SWIFT_VERSION = 3.0;
				TARGETED_DEVICE_FAMILY = 1;
			};
			name = Debug;
		};
		C0BACEE619D3027000DF2DB8 /* Release */ = {
			isa = XCBuildConfiguration;
			buildSettings = {
				ASSETCATALOG_COMPILER_APPICON_NAME = AppIcon;
				ASSETCATALOG_COMPILER_LAUNCHIMAGE_NAME = LaunchImage;
				CODE_SIGN_IDENTITY = "iPhone Developer";
				"CODE_SIGN_IDENTITY[sdk=iphoneos*]" = "iPhone Developer";
				INFOPLIST_FILE = Arduino_Servo/Info.plist;
				IPHONEOS_DEPLOYMENT_TARGET = 9.2;
				LD_RUNPATH_SEARCH_PATHS = "$(inherited) @executable_path/Frameworks";
				PRODUCT_BUNDLE_IDENTIFIER = "com.soft-edge";
				PRODUCT_NAME = "$(TARGET_NAME)";
				PROVISIONING_PROFILE = "";
				SWIFT_VERSION = 3.0;
				TARGETED_DEVICE_FAMILY = 1;
			};
			name = Release;
		};
/* End XCBuildConfiguration section */

/* Begin XCConfigurationList section */
		C0BACEC019D3027000DF2DB8 /* Build configuration list for PBXProject "Arduino_Servo" */ = {
			isa = XCConfigurationList;
			buildConfigurations = (
				C0BACEE219D3027000DF2DB8 /* Debug */,
				C0BACEE319D3027000DF2DB8 /* Release */,
			);
			defaultConfigurationIsVisible = 0;
			defaultConfigurationName = Release;
		};
		C0BACEE419D3027000DF2DB8 /* Build configuration list for PBXNativeTarget "Arduino_Servo" */ = {
			isa = XCConfigurationList;
			buildConfigurations = (
				C0BACEE519D3027000DF2DB8 /* Debug */,
				C0BACEE619D3027000DF2DB8 /* Release */,
			);
			defaultConfigurationIsVisible = 0;
			defaultConfigurationName = Release;
		};
/* End XCConfigurationList section */
	};
	rootObject = C0BACEBD19D3027000DF2DB8 /* Project object */;
}
